
Microsoft Visual Studio Solution File, Format Version 12.00
# Visual Studio 15
VisualStudioVersion = 15.0.33026.149
MinimumVisualStudioVersion = 10.0.40219.1
Project("{8BC9CEB8-8B4A-11D0-8D11-00A0C91BC942}") = "CS545Prog2", "CS545Prog2\CS545Prog2.vcxproj", "{76A84214-8517-45FB-A962-E8EF6806E192}"
EndProject
Project("{8BC9CEB8-8B4A-11D0-8D11-00A0C91BC942}") = "CS545Prog3", "CS545Prog3\CS545Prog3.vcxproj", "{5457C021-B0F0-4A4A-BB9F-98DD2E0051ED}"
EndProject
Project("{8BC9CEB8-8B4A-11D0-8D11-00A0C91BC942}") = "CS545Prog1", "CS545Prog1\CS545Prog1\CS545Prog1.vcxproj", "{5529CDA5-1905-4192-879B-FBDAEB907A07}"
EndProject
Project("{8BC9CEB8-8B4A-11D0-8D11-00A0C91BC942}") = "CS545Prog4", "CS545Prog4\CS545Prog4.vcxproj", "{4F74EDA3-8D50-467C-838D-8A36D78139CC}"
EndProject
Global
	GlobalSection(SolutionConfigurationPlatforms) = preSolution
		Debug|x64 = Debug|x64
		Debug|x86 = Debug|x86
		Release|x64 = Release|x64
		Release|x86 = Release|x86
	EndGlobalSection
	GlobalSection(ProjectConfigurationPlatforms) = postSolution
		{76A84214-8517-45FB-A962-E8EF6806E192}.Debug|x64.ActiveCfg = Debug|x64
		{76A84214-8517-45FB-A962-E8EF6806E192}.Debug|x64.Build.0 = Debug|x64
		{76A84214-8517-45FB-A962-E8EF6806E192}.Debug|x86.ActiveCfg = Debug|Win32
		{76A84214-8517-45FB-A962-E8EF6806E192}.Debug|x86.Build.0 = Debug|Win32
		{76A84214-8517-45FB-A962-E8EF6806E192}.Release|x64.ActiveCfg = Release|x64
		{76A84214-8517-45FB-A962-E8EF6806E192}.Release|x64.Build.0 = Release|x64
		{76A84214-8517-45FB-A962-E8EF6806E192}.Release|x86.ActiveCfg = Release|Win32
		{76A84214-8517-45FB-A962-E8EF6806E192}.Release|x86.Build.0 = Release|Win32
		{5457C021-B0F0-4A4A-BB9F-98DD2E0051ED}.Debug|x64.ActiveCfg = Debug|x64
		{5457C021-B0F0-4A4A-BB9F-98DD2E0051ED}.Debug|x64.Build.0 = Debug|x64
		{5457C021-B0F0-4A4A-BB9F-98DD2E0051ED}.Debug|x86.ActiveCfg = Debug|Win32
		{5457C021-B0F0-4A4A-BB9F-98DD2E0051ED}.Debug|x86.Build.0 = Debug|Win32
		{5457C021-B0F0-4A4A-BB9F-98DD2E0051ED}.Release|x64.ActiveCfg = Release|x64
		{5457C021-B0F0-4A4A-BB9F-98DD2E0051ED}.Release|x64.Build.0 = Release|x64
		{5457C021-B0F0-4A4A-BB9F-98DD2E0051ED}.Release|x86.ActiveCfg = Release|Win32
		{5457C021-B0F0-4A4A-BB9F-98DD2E0051ED}.Release|x86.Build.0 = Release|Win32
		{5529CDA5-1905-4192-879B-FBDAEB907A07}.Debug|x64.ActiveCfg = Debug|x64
		{5529CDA5-1905-4192-879B-FBDAEB907A07}.Debug|x64.Build.0 = Debug|x64
		{5529CDA5-1905-4192-879B-FBDAEB907A07}.Debug|x86.ActiveCfg = Debug|Win32
		{5529CDA5-1905-4192-879B-FBDAEB907A07}.Debug|x86.Build.0 = Debug|Win32
		{5529CDA5-1905-4192-879B-FBDAEB907A07}.Release|x64.ActiveCfg = Release|x64
		{5529CDA5-1905-4192-879B-FBDAEB907A07}.Release|x64.Build.0 = Release|x64
		{5529CDA5-1905-4192-879B-FBDAEB907A07}.Release|x86.ActiveCfg = Release|Win32
		{5529CDA5-1905-4192-879B-FBDAEB907A07}.Release|x86.Build.0 = Release|Win32
		{4F74EDA3-8D50-467C-838D-8A36D78139CC}.Debug|x64.ActiveCfg = Debug|x64
		{4F74EDA3-8D50-467C-838D-8A36D78139CC}.Debug|x64.Build.0 = Debug|x64
		{4F74EDA3-8D50-467C-838D-8A36D78139CC}.Debug|x86.ActiveCfg = Debug|Win32
		{4F74EDA3-8D50-467C-838D-8A36D78139CC}.Debug|x86.Build.0 = Debug|Win32
		{4F74EDA3-8D50-467C-838D-8A36D78139CC}.Release|x64.ActiveCfg = Release|x64
		{4F74EDA3-8D50-467C-838D-8A36D78139CC}.Release|x64.Build.0 = Release|x64
		{4F74EDA3-8D50-467C-838D-8A36D78139CC}.Release|x86.ActiveCfg = Release|Win32
		{4F74EDA3-8D50-467C-838D-8A36D78139CC}.Release|x86.Build.0 = Release|Win32
	EndGlobalSection
	GlobalSection(SolutionProperties) = preSolution
		HideSolutionNode = FALSE
	EndGlobalSection
	GlobalSection(ExtensibilityGlobals) = postSolution
		SolutionGuid = {0EBCF69A-B4B9-4326-8E7C-A4861FAACDD4}
	EndGlobalSection
EndGlobal
